<?xml version="1.0" encoding="UTF-8"?>
<Scheme
   LastUpgradeVersion = "0730"
   version = "2.0">
   <BuildAction
      parallelizeBuildables = "YES"
      buildImplicitDependencies = "YES">
      <BuildActionEntries>
         <BuildActionEntry
            buildForTesting = "YES"
            buildForRunning = "YES"
            buildForProfiling = "YES"
            buildForArchiving = "YES"
            buildForAnalyzing = "YES">
            <BuildableReference
               BuildableIdentifier = "primary"
               BlueprintIdentifier = "704D839B1CC90A8800449920"
               BuildableName = "Days Until Seasons WatchKit 1 App.app"
               BlueprintName = "Days Until Seasons WatchKit 1 App"
               ReferencedContainer = "container:Days Until Seasons.xcodeproj">
            </BuildableReference>
         </BuildActionEntry>
         <BuildActionEntry
            buildForTesting = "YES"
            buildForRunning = "YES"
            buildForProfiling = "YES"
            buildForArchiving = "YES"
            buildForAnalyzing = "YES">
            <BuildableReference
               BuildableIdentifier = "primary"
               BlueprintIdentifier = "705280C31ACB718D0099A80D"
               BuildableName = "Days Until Seasons.app"
               BlueprintName = "Days Until Seasons"
               ReferencedContainer = "container:Days Until Seasons.xcodeproj">
            </BuildableReference>
         </BuildActionEntry>
         <BuildActionEntry
            buildForTesting = "YES"
            buildForRunning = "YES"
            buildForProfiling = "YES"
            buildForArchiving = "YES"
            buildForAnalyzing = "YES">
            <BuildableReference
               BuildableIdentifier = "primary"
               BlueprintIdentifier = "7024F0E21CC6F905000D03B3"
               BuildableName = "Days Until Seasons Watch Extension.appex"
               BlueprintName = "Days Until Seasons Watch Extension"
               ReferencedContainer = "container:Days Until Seasons.xcodeproj">
            </BuildableReference>
         </BuildActionEntry>
         <BuildActionEntry
            buildForTesting = "YES"
            buildForRunning = "YES"
            buildForProfiling = "YES"
            buildForArchiving = "YES"
            buildForAnalyzing = "YES">
            <BuildableReference
               BuildableIdentifier = "primary"
               BlueprintIdentifier = "704D838C1CC90A8800449920"
               BuildableName = "Days Until Seasons WatchKit 1 Extension.appex"
               BlueprintName = "Days Until Seasons WatchKit 1 Extension"
               ReferencedContainer = "container:Days Until Seasons.xcodeproj">
            </BuildableReference>
         </BuildActionEntry>
      </BuildActionEntries>
   </BuildAction>
   <TestAction
      buildConfiguration = "Debug"
      selectedDebuggerIdentifier = "Xcode.DebuggerFoundation.Debugger.LLDB"
      selectedLauncherIdentifier = "Xcode.DebuggerFoundation.Launcher.LLDB"
      shouldUseLaunchSchemeArgsEnv = "YES">
      <Testables>
      </Testables>
      <MacroExpansion>
         <BuildableReference
            BuildableIdentifier = "primary"
            BlueprintIdentifier = "704D839B1CC90A8800449920"
            BuildableName = "Days Until Seasons WatchKit 1 App.app"
            BlueprintName = "Days Until Seasons WatchKit 1 App"
            ReferencedContainer = "container:Days Until Seasons.xcodeproj">
         </BuildableReference>
      </MacroExpansion>
      <AdditionalOptions>
      </AdditionalOptions>
   </TestAction>
   <LaunchAction
      buildConfiguration = "Debug"
      selectedDebuggerIdentifier = "Xcode.DebuggerFoundation.Debugger.LLDB"
      selectedLauncherIdentifier = "Xcode.DebuggerFoundation.Launcher.LLDB"
      launchStyle = "0"
      useCustomWorkingDirectory = "NO"
      ignoresPersistentStateOnLaunch = "NO"
      debugDocumentVersioning = "YES"
      debugServiceExtension = "internal"
      allowLocationSimulation = "YES"
      launchAutomaticallySubstyle = "8"
      notificationPayloadFile = "Days Until Seasons WatchKit 1 Extension/PushNotificationPayload.apns">
      <RemoteRunnable
         runnableDebuggingMode = "2"
         BundleIdentifier = "com.apple.carousel"
         RemotePath = "/Days Until Seasons">
         <BuildableReference
            BuildableIdentifier = "primary"
            BlueprintIdentifier = "704D839B1CC90A8800449920"
            BuildableName = "Days Until Seasons WatchKit 1 App.app"
            BlueprintName = "Days Until Seasons WatchKit 1 App"
            ReferencedContainer = "container:Days Until Seasons.xcodeproj">
         </BuildableReference>
      </RemoteRunnable>
      <MacroExpansion>
         <BuildableReference
            BuildableIdentifier = "primary"
            BlueprintIdentifier = "704D839B1CC90A8800449920"
            BuildableName = "Days Until Seasons WatchKit 1 App.app"
            BlueprintName = "Days Until Seasons WatchKit 1 App"
            ReferencedContainer = "container:Days Until Seasons.xcodeproj">
         </BuildableReference>
      </MacroExpansion>
      <AdditionalOptions>
      </AdditionalOptions>
   </LaunchAction>
   <ProfileAction
      buildConfiguration = "Release"
      shouldUseLaunchSchemeArgsEnv = "YES"
      savedToolIdentifier = ""
      useCustomWorkingDirectory = "NO"
      debugDocumentVersioning = "YES"
      launchAutomaticallySubstyle = "8"
      notificationPayloadFile = "Days Until Seasons WatchKit 1 Extension/PushNotificationPayload.apns">
      <RemoteRunnable
         runnableDebuggingMode = "2"
         BundleIdentifier = "com.apple.carousel"
         RemotePath = "/Days Until Seasons">
         <BuildableReference
            BuildableIdentifier = "primary"
            BlueprintIdentifier = "704D839B1CC90A8800449920"
            BuildableName = "Days Until Seasons WatchKit 1 App.app"
            BlueprintName = "Days Until Seasons WatchKit 1 App"
            ReferencedContainer = "container:Days Until Seasons.xcodeproj">
         </BuildableReference>
      </RemoteRunnable>
      <MacroExpansion>
         <BuildableReference
            BuildableIdentifier = "primary"
            BlueprintIdentifier = "704D839B1CC90A8800449920"
            BuildableName = "Days Until Seasons WatchKit 1 App.app"
            BlueprintName = "Days Until Seasons WatchKit 1 App"
            ReferencedContainer = "container:Days Until Seasons.xcodeproj">
         </BuildableReference>
      </MacroExpansion>
   </ProfileAction>
   <AnalyzeAction
      buildConfiguration = "Debug">
   </AnalyzeAction>
   <ArchiveAction
      buildConfiguration = "Release"
      revealArchiveInOrganizer = "YES">
   </ArchiveAction>
</Scheme>
